// !$*UTF8*$!
{
	archiveVersion = 1;
	classes = {
	};
	objectVersion = 46;
	objects = {

/* Begin PBXBuildFile section */
		1D8FBE151A315D4B007A20D9 /* ContactDetailCell.m in Sources */ = {isa = PBXBuildFile; fileRef = 1D8FBE131A315D4B007A20D9 /* ContactDetailCell.m */; settings = {COMPILER_FLAGS = "-fno-objc-arc"; }; };
		1D8FBE161A315D4B007A20D9 /* ContactDetailCell.xib in Resources */ = {isa = PBXBuildFile; fileRef = 1D8FBE141A315D4B007A20D9 /* ContactDetailCell.xib */; };
		1D8FBE191A317E4B007A20D9 /* ContactDetailVController.m in Sources */ = {isa = PBXBuildFile; fileRef = 1D8FBE181A317E4B007A20D9 /* ContactDetailVController.m */; settings = {COMPILER_FLAGS = "-fno-objc-arc"; }; };
		1D9DC0FF1A2AB4C900D2E5B5 /* LoginViewController.m in Sources */ = {isa = PBXBuildFile; fileRef = 1D9DC0F81A2AB4C900D2E5B5 /* LoginViewController.m */; settings = {COMPILER_FLAGS = "-fobjc-arc"; }; };
		1D9DC1011A2AB4C900D2E5B5 /* NGViewController.m in Sources */ = {isa = PBXBuildFile; fileRef = 1D9DC0FC1A2AB4C900D2E5B5 /* NGViewController.m */; settings = {COMPILER_FLAGS = "-fobjc-arc"; }; };
		1D9DC1091A2AB61700D2E5B5 /* UIButton+NGAdditions.m in Sources */ = {isa = PBXBuildFile; fileRef = 1D9DC1041A2AB61700D2E5B5 /* UIButton+NGAdditions.m */; settings = {COMPILER_FLAGS = "-fobjc-arc"; }; };
		1D9DC10A1A2AB61700D2E5B5 /* UIImage+NGAdditions.m in Sources */ = {isa = PBXBuildFile; fileRef = 1D9DC1061A2AB61700D2E5B5 /* UIImage+NGAdditions.m */; settings = {COMPILER_FLAGS = "-fobjc-arc"; }; };
		1D9DC10B1A2AB61700D2E5B5 /* UIView+NGAdditions.m in Sources */ = {isa = PBXBuildFile; fileRef = 1D9DC1081A2AB61700D2E5B5 /* UIView+NGAdditions.m */; settings = {COMPILER_FLAGS = "-fobjc-arc"; }; };
		1D9DC1331A2ABD9600D2E5B5 /* NGAddition.m in Sources */ = {isa = PBXBuildFile; fileRef = 1D9DC1321A2ABD9600D2E5B5 /* NGAddition.m */; settings = {COMPILER_FLAGS = "-fobjc-arc"; }; };
		1D9DC1361A2AC21300D2E5B5 /* ContactListVController.m in Sources */ = {isa = PBXBuildFile; fileRef = 1D9DC1351A2AC21300D2E5B5 /* ContactListVController.m */; settings = {COMPILER_FLAGS = "-fobjc-arc"; }; };
		1D9DC13B1A2AFA8000D2E5B5 /* ContactListCell.m in Sources */ = {isa = PBXBuildFile; fileRef = 1D9DC1391A2AFA8000D2E5B5 /* ContactListCell.m */; settings = {COMPILER_FLAGS = "-fobjc-arc"; }; };
		1D9DC13C1A2AFA8000D2E5B5 /* ContactListCell.xib in Resources */ = {isa = PBXBuildFile; fileRef = 1D9DC13A1A2AFA8000D2E5B5 /* ContactListCell.xib */; };
		1D9DC13E1A2B057400D2E5B5 /* AddressBook.framework in Frameworks */ = {isa = PBXBuildFile; fileRef = 1D9DC13D1A2B057400D2E5B5 /* AddressBook.framework */; };
		1D9DC1411A2B08E400D2E5B5 /* MMAddressBook.m in Sources */ = {isa = PBXBuildFile; fileRef = 1D9DC1401A2B08E400D2E5B5 /* MMAddressBook.m */; settings = {COMPILER_FLAGS = "-fno-objc-arc"; }; };
		1DC6CD121A830D4F001728D9 /* MyCompanyViewController.m in Sources */ = {isa = PBXBuildFile; fileRef = 1DC6CD111A830D4F001728D9 /* MyCompanyViewController.m */; settings = {COMPILER_FLAGS = "-fobjc-arc"; }; };
		6D1464611A6D63420046FF32 /* LoginCheckVController.m in Sources */ = {isa = PBXBuildFile; fileRef = 6D1464601A6D63420046FF32 /* LoginCheckVController.m */; settings = {COMPILER_FLAGS = "-fobjc-arc"; }; };
		6D16D5F11A08A36A001D0939 /* Foundation.framework in Frameworks */ = {isa = PBXBuildFile; fileRef = 6D16D5F01A08A36A001D0939 /* Foundation.framework */; };
		6D16D5F31A08A36A001D0939 /* CoreGraphics.framework in Frameworks */ = {isa = PBXBuildFile; fileRef = 6D16D5F21A08A36A001D0939 /* CoreGraphics.framework */; };
		6D16D5F51A08A36A001D0939 /* UIKit.framework in Frameworks */ = {isa = PBXBuildFile; fileRef = 6D16D5F41A08A36A001D0939 /* UIKit.framework */; };
		6D16D5FB1A08A36A001D0939 /* InfoPlist.strings in Resources */ = {isa = PBXBuildFile; fileRef = 6D16D5F91A08A36A001D0939 /* InfoPlist.strings */; };
		6D16D5FD1A08A36A001D0939 /* main.m in Sources */ = {isa = PBXBuildFile; fileRef = 6D16D5FC1A08A36A001D0939 /* main.m */; settings = {COMPILER_FLAGS = "-fno-objc-arc"; }; };
		6D16D6011A08A36A001D0939 /* AppDelegate.m in Sources */ = {isa = PBXBuildFile; fileRef = 6D16D6001A08A36A001D0939 /* AppDelegate.m */; settings = {COMPILER_FLAGS = "-fobjc-arc"; }; };
		6D16D6091A08A36A001D0939 /* Images.xcassets in Resources */ = {isa = PBXBuildFile; fileRef = 6D16D6081A08A36A001D0939 /* Images.xcassets */; };
		6D16D6371A08A6BB001D0939 /* DbStruct.m in Sources */ = {isa = PBXBuildFile; fileRef = 6D16D6301A08A6BB001D0939 /* DbStruct.m */; settings = {COMPILER_FLAGS = "-fno-objc-arc"; }; };
		6D16D6391A08A6BB001D0939 /* MMContact.m in Sources */ = {isa = PBXBuildFile; fileRef = 6D16D6341A08A6BB001D0939 /* MMContact.m */; settings = {COMPILER_FLAGS = "-fno-objc-arc"; }; };
		6D16D63A1A08A6BB001D0939 /* MMModel.m in Sources */ = {isa = PBXBuildFile; fileRef = 6D16D6361A08A6BB001D0939 /* MMModel.m */; settings = {COMPILER_FLAGS = "-fno-objc-arc"; }; };
		6D16D65C1A08A89C001D0939 /* MMPhoneticAbbr.mm in Sources */ = {isa = PBXBuildFile; fileRef = 6D16D65B1A08A89C001D0939 /* MMPhoneticAbbr.mm */; };
		6D16D6D01A08A980001D0939 /* MMGlobalData.m in Sources */ = {isa = PBXBuildFile; fileRef = 6D16D6CE1A08A980001D0939 /* MMGlobalData.m */; settings = {COMPILER_FLAGS = "-fno-objc-arc"; }; };
		6D16D6E01A08AAB3001D0939 /* MMCommonAPI.m in Sources */ = {isa = PBXBuildFile; fileRef = 6D16D6DF1A08AAB3001D0939 /* MMCommonAPI.m */; settings = {COMPILER_FLAGS = "-fno-objc-arc"; }; };
		6D16D7A71A08AEB9001D0939 /* pinyin.cc in Sources */ = {isa = PBXBuildFile; fileRef = 6D16D7A41A08AEB9001D0939 /* pinyin.cc */; };
		6D16D7AB1A08AFFB001D0939 /* libz.dylib in Frameworks */ = {isa = PBXBuildFile; fileRef = 6D16D7AA1A08AFFB001D0939 /* libz.dylib */; };
		6D16D7AD1A08B003001D0939 /* libsqlite3.dylib in Frameworks */ = {isa = PBXBuildFile; fileRef = 6D16D7AC1A08B003001D0939 /* libsqlite3.dylib */; };
		6D16D7B71A08C3FF001D0939 /* momo.db in Resources */ = {isa = PBXBuildFile; fileRef = 6D16D7B61A08C228001D0939 /* momo.db */; };
		6D9BC10A1C3283EE00F0A2AE /* MainTabBarController.m in Sources */ = {isa = PBXBuildFile; fileRef = 6D9BC1091C3283EE00F0A2AE /* MainTabBarController.m */; settings = {COMPILER_FLAGS = "-fobjc-arc"; }; };
		6DAC0FFA1C3D436B007D87DD /* contact_match.cc in Sources */ = {isa = PBXBuildFile; fileRef = 6DAC0FF81C3D436B007D87DD /* contact_match.cc */; settings = {COMPILER_FLAGS = "-fno-objc-arc"; }; };
		6DAC0FFF1C3D43EF007D87DD /* Organization.m in Sources */ = {isa = PBXBuildFile; fileRef = 6DAC0FFC1C3D43EF007D87DD /* Organization.m */; settings = {COMPILER_FLAGS = "-fobjc-arc"; }; };
		6DAC10001C3D43EF007D87DD /* Token.m in Sources */ = {isa = PBXBuildFile; fileRef = 6DAC0FFE1C3D43EF007D87DD /* Token.m */; settings = {COMPILER_FLAGS = "-fobjc-arc"; }; };
		6DAC100A1C3D447E007D87DD /* APIRequest.m in Sources */ = {isa = PBXBuildFile; fileRef = 6DAC10031C3D447E007D87DD /* APIRequest.m */; settings = {COMPILER_FLAGS = "-fobjc-arc"; }; };
		6DAC100D1C3D447E007D87DD /* TAHttpOperation.m in Sources */ = {isa = PBXBuildFile; fileRef = 6DAC10091C3D447E007D87DD /* TAHttpOperation.m */; settings = {COMPILER_FLAGS = "-fobjc-arc"; }; };
		6DAC10931C3D6899007D87DD /* AssetsLibrary.framework in Frameworks */ = {isa = PBXBuildFile; fileRef = 6DAC10921C3D6899007D87DD /* AssetsLibrary.framework */; };
		6DAC10951C3D68B9007D87DD /* CoreAudio.framework in Frameworks */ = {isa = PBXBuildFile; fileRef = 6DAC10941C3D68B9007D87DD /* CoreAudio.framework */; };
		6DAC10971C3D68C6007D87DD /* CoreMedia.framework in Frameworks */ = {isa = PBXBuildFile; fileRef = 6DAC10961C3D68C6007D87DD /* CoreMedia.framework */; };
		6DAC10991C3D68DB007D87DD /* QuartzCore.framework in Frameworks */ = {isa = PBXBuildFile; fileRef = 6DAC10981C3D68DB007D87DD /* QuartzCore.framework */; };
		6DAC109B1C3D68EE007D87DD /* SystemConfiguration.framework in Frameworks */ = {isa = PBXBuildFile; fileRef = 6DAC109A1C3D68EE007D87DD /* SystemConfiguration.framework */; };
		6DAC109E1C3D6DBB007D87DD /* ContactCache.m in Sources */ = {isa = PBXBuildFile; fileRef = 6DAC109D1C3D6DBB007D87DD /* ContactCache.m */; settings = {COMPILER_FLAGS = "-fobjc-arc"; }; };
		6DAC10AE1C3D71CB007D87DD /* Localizable.strings in Resources */ = {isa = PBXBuildFile; fileRef = 6DAC10B01C3D71CB007D87DD /* Localizable.strings */; };
		6DB34CB91C4FDB03006D78D4 /* MessageListViewController.m in Sources */ = {isa = PBXBuildFile; fileRef = 6DB34CB81C4FDB03006D78D4 /* MessageListViewController.m */; settings = {COMPILER_FLAGS = "-fobjc-arc"; }; };
		6DB34CC31C4FDB0F006D78D4 /* MessageConversationCell.m in Sources */ = {isa = PBXBuildFile; fileRef = 6DB34CC11C4FDB0F006D78D4 /* MessageConversationCell.m */; settings = {COMPILER_FLAGS = "-fobjc-arc"; }; };
		6DB34CC41C4FDB0F006D78D4 /* MessageConversationCell.xib in Resources */ = {isa = PBXBuildFile; fileRef = 6DB34CC21C4FDB0F006D78D4 /* MessageConversationCell.xib */; };
		6DF6D1C71E33C2C9003AA63B /* Conversation.m in Sources */ = {isa = PBXBuildFile; fileRef = 6DF6D1C61E33C2C9003AA63B /* Conversation.m */; };
		6DF6D1CB1E33C6FE003AA63B /* NewCount.m in Sources */ = {isa = PBXBuildFile; fileRef = 6DF6D1CA1E33C6FE003AA63B /* NewCount.m */; };
		6DF6D1CE1E33C84E003AA63B /* LevelDB.mm in Sources */ = {isa = PBXBuildFile; fileRef = 6DF6D1CD1E33C84E003AA63B /* LevelDB.mm */; };
		A00E25554B280452964A0FD6 /* libPods-contact.a in Frameworks */ = {isa = PBXBuildFile; fileRef = 07FDBC4F94D1E1F276D4FDB5 /* libPods-contact.a */; };
/* End PBXBuildFile section */

/* Begin PBXFileReference section */
		004C03C43DB1E5D6A4370EA3 /* Pods-contact.release.xcconfig */ = {isa = PBXFileReference; includeInIndex = 1; lastKnownFileType = text.xcconfig; name = "Pods-contact.release.xcconfig"; path = "Pods/Target Support Files/Pods-contact/Pods-contact.release.xcconfig"; sourceTree = "<group>"; };
		07FDBC4F94D1E1F276D4FDB5 /* libPods-contact.a */ = {isa = PBXFileReference; explicitFileType = archive.ar; includeInIndex = 0; path = "libPods-contact.a"; sourceTree = BUILT_PRODUCTS_DIR; };
		17E2365D9816A676E6C35137 /* Pods-contact.debug.xcconfig */ = {isa = PBXFileReference; includeInIndex = 1; lastKnownFileType = text.xcconfig; name = "Pods-contact.debug.xcconfig"; path = "Pods/Target Support Files/Pods-contact/Pods-contact.debug.xcconfig"; sourceTree = "<group>"; };
		1D8FBE121A315D4B007A20D9 /* ContactDetailCell.h */ = {isa = PBXFileReference; fileEncoding = 4; lastKnownFileType = sourcecode.c.h; path = ContactDetailCell.h; sourceTree = "<group>"; };
		1D8FBE131A315D4B007A20D9 /* ContactDetailCell.m */ = {isa = PBXFileReference; fileEncoding = 4; lastKnownFileType = sourcecode.c.objc; path = ContactDetailCell.m; sourceTree = "<group>"; };
		1D8FBE141A315D4B007A20D9 /* ContactDetailCell.xib */ = {isa = PBXFileReference; fileEncoding = 4; lastKnownFileType = file.xib; path = ContactDetailCell.xib; sourceTree = "<group>"; };
		1D8FBE171A317E4B007A20D9 /* ContactDetailVController.h */ = {isa = PBXFileReference; fileEncoding = 4; lastKnownFileType = sourcecode.c.h; path = ContactDetailVController.h; sourceTree = "<group>"; };
		1D8FBE181A317E4B007A20D9 /* ContactDetailVController.m */ = {isa = PBXFileReference; fileEncoding = 4; lastKnownFileType = sourcecode.c.objc; path = ContactDetailVController.m; sourceTree = "<group>"; };
		1D9DC0F71A2AB4C900D2E5B5 /* LoginViewController.h */ = {isa = PBXFileReference; fileEncoding = 4; lastKnownFileType = sourcecode.c.h; path = LoginViewController.h; sourceTree = "<group>"; };
		1D9DC0F81A2AB4C900D2E5B5 /* LoginViewController.m */ = {isa = PBXFileReference; fileEncoding = 4; lastKnownFileType = sourcecode.c.objc; path = LoginViewController.m; sourceTree = "<group>"; };
		1D9DC0FB1A2AB4C900D2E5B5 /* NGViewController.h */ = {isa = PBXFileReference; fileEncoding = 4; lastKnownFileType = sourcecode.c.h; path = NGViewController.h; sourceTree = "<group>"; };
		1D9DC0FC1A2AB4C900D2E5B5 /* NGViewController.m */ = {isa = PBXFileReference; fileEncoding = 4; lastKnownFileType = sourcecode.c.objc; path = NGViewController.m; sourceTree = "<group>"; };
		1D9DC1031A2AB61700D2E5B5 /* UIButton+NGAdditions.h */ = {isa = PBXFileReference; fileEncoding = 4; lastKnownFileType = sourcecode.c.h; path = "UIButton+NGAdditions.h"; sourceTree = "<group>"; };
		1D9DC1041A2AB61700D2E5B5 /* UIButton+NGAdditions.m */ = {isa = PBXFileReference; fileEncoding = 4; lastKnownFileType = sourcecode.c.objc; path = "UIButton+NGAdditions.m"; sourceTree = "<group>"; };
		1D9DC1051A2AB61700D2E5B5 /* UIImage+NGAdditions.h */ = {isa = PBXFileReference; fileEncoding = 4; lastKnownFileType = sourcecode.c.h; path = "UIImage+NGAdditions.h"; sourceTree = "<group>"; };
		1D9DC1061A2AB61700D2E5B5 /* UIImage+NGAdditions.m */ = {isa = PBXFileReference; fileEncoding = 4; lastKnownFileType = sourcecode.c.objc; path = "UIImage+NGAdditions.m"; sourceTree = "<group>"; };
		1D9DC1071A2AB61700D2E5B5 /* UIView+NGAdditions.h */ = {isa = PBXFileReference; fileEncoding = 4; lastKnownFileType = sourcecode.c.h; path = "UIView+NGAdditions.h"; sourceTree = "<group>"; };
		1D9DC1081A2AB61700D2E5B5 /* UIView+NGAdditions.m */ = {isa = PBXFileReference; fileEncoding = 4; lastKnownFileType = sourcecode.c.objc; path = "UIView+NGAdditions.m"; sourceTree = "<group>"; };
		1D9DC1311A2ABD9600D2E5B5 /* NGAddition.h */ = {isa = PBXFileReference; fileEncoding = 4; lastKnownFileType = sourcecode.c.h; path = NGAddition.h; sourceTree = "<group>"; };
		1D9DC1321A2ABD9600D2E5B5 /* NGAddition.m */ = {isa = PBXFileReference; fileEncoding = 4; lastKnownFileType = sourcecode.c.objc; path = NGAddition.m; sourceTree = "<group>"; };
		1D9DC1341A2AC21300D2E5B5 /* ContactListVController.h */ = {isa = PBXFileReference; fileEncoding = 4; lastKnownFileType = sourcecode.c.h; path = ContactListVController.h; sourceTree = "<group>"; };
		1D9DC1351A2AC21300D2E5B5 /* ContactListVController.m */ = {isa = PBXFileReference; fileEncoding = 4; lastKnownFileType = sourcecode.c.objc; path = ContactListVController.m; sourceTree = "<group>"; };
		1D9DC1381A2AFA8000D2E5B5 /* ContactListCell.h */ = {isa = PBXFileReference; fileEncoding = 4; lastKnownFileType = sourcecode.c.h; path = ContactListCell.h; sourceTree = "<group>"; };
		1D9DC1391A2AFA8000D2E5B5 /* ContactListCell.m */ = {isa = PBXFileReference; fileEncoding = 4; lastKnownFileType = sourcecode.c.objc; path = ContactListCell.m; sourceTree = "<group>"; };
		1D9DC13A1A2AFA8000D2E5B5 /* ContactListCell.xib */ = {isa = PBXFileReference; fileEncoding = 4; lastKnownFileType = file.xib; path = ContactListCell.xib; sourceTree = "<group>"; };
		1D9DC13D1A2B057400D2E5B5 /* AddressBook.framework */ = {isa = PBXFileReference; lastKnownFileType = wrapper.framework; name = AddressBook.framework; path = System/Library/Frameworks/AddressBook.framework; sourceTree = SDKROOT; };
		1D9DC13F1A2B08E400D2E5B5 /* MMAddressBook.h */ = {isa = PBXFileReference; fileEncoding = 4; lastKnownFileType = sourcecode.c.h; path = MMAddressBook.h; sourceTree = "<group>"; };
		1D9DC1401A2B08E400D2E5B5 /* MMAddressBook.m */ = {isa = PBXFileReference; fileEncoding = 4; lastKnownFileType = sourcecode.c.objc; path = MMAddressBook.m; sourceTree = "<group>"; };
		1DC6CD101A830D4F001728D9 /* MyCompanyViewController.h */ = {isa = PBXFileReference; fileEncoding = 4; lastKnownFileType = sourcecode.c.h; path = MyCompanyViewController.h; sourceTree = "<group>"; };
		1DC6CD111A830D4F001728D9 /* MyCompanyViewController.m */ = {isa = PBXFileReference; fileEncoding = 4; lastKnownFileType = sourcecode.c.objc; path = MyCompanyViewController.m; sourceTree = "<group>"; };
		6D14645F1A6D63420046FF32 /* LoginCheckVController.h */ = {isa = PBXFileReference; fileEncoding = 4; lastKnownFileType = sourcecode.c.h; path = LoginCheckVController.h; sourceTree = "<group>"; };
		6D1464601A6D63420046FF32 /* LoginCheckVController.m */ = {isa = PBXFileReference; fileEncoding = 4; lastKnownFileType = sourcecode.c.objc; path = LoginCheckVController.m; sourceTree = "<group>"; };
		6D16D5ED1A08A36A001D0939 /* contact.app */ = {isa = PBXFileReference; explicitFileType = wrapper.application; includeInIndex = 0; path = contact.app; sourceTree = BUILT_PRODUCTS_DIR; };
		6D16D5F01A08A36A001D0939 /* Foundation.framework */ = {isa = PBXFileReference; lastKnownFileType = wrapper.framework; name = Foundation.framework; path = System/Library/Frameworks/Foundation.framework; sourceTree = SDKROOT; };
		6D16D5F21A08A36A001D0939 /* CoreGraphics.framework */ = {isa = PBXFileReference; lastKnownFileType = wrapper.framework; name = CoreGraphics.framework; path = System/Library/Frameworks/CoreGraphics.framework; sourceTree = SDKROOT; };
		6D16D5F41A08A36A001D0939 /* UIKit.framework */ = {isa = PBXFileReference; lastKnownFileType = wrapper.framework; name = UIKit.framework; path = System/Library/Frameworks/UIKit.framework; sourceTree = SDKROOT; };
		6D16D5F81A08A36A001D0939 /* contact-Info.plist */ = {isa = PBXFileReference; lastKnownFileType = text.plist.xml; path = "contact-Info.plist"; sourceTree = "<group>"; };
		6D16D5FA1A08A36A001D0939 /* en */ = {isa = PBXFileReference; lastKnownFileType = text.plist.strings; name = en; path = en.lproj/InfoPlist.strings; sourceTree = "<group>"; };
		6D16D5FC1A08A36A001D0939 /* main.m */ = {isa = PBXFileReference; lastKnownFileType = sourcecode.c.objc; path = main.m; sourceTree = "<group>"; };
		6D16D5FE1A08A36A001D0939 /* contact-Prefix.pch */ = {isa = PBXFileReference; lastKnownFileType = sourcecode.c.h; path = "contact-Prefix.pch"; sourceTree = "<group>"; };
		6D16D5FF1A08A36A001D0939 /* AppDelegate.h */ = {isa = PBXFileReference; lastKnownFileType = sourcecode.c.h; path = AppDelegate.h; sourceTree = "<group>"; };
		6D16D6001A08A36A001D0939 /* AppDelegate.m */ = {isa = PBXFileReference; lastKnownFileType = sourcecode.c.objc; path = AppDelegate.m; sourceTree = "<group>"; };
		6D16D6081A08A36A001D0939 /* Images.xcassets */ = {isa = PBXFileReference; lastKnownFileType = folder.assetcatalog; path = Images.xcassets; sourceTree = "<group>"; };
		6D16D60F1A08A36A001D0939 /* XCTest.framework */ = {isa = PBXFileReference; lastKnownFileType = wrapper.framework; name = XCTest.framework; path = Library/Frameworks/XCTest.framework; sourceTree = DEVELOPER_DIR; };
		6D16D6171A08A36A001D0939 /* contactTests-Info.plist */ = {isa = PBXFileReference; lastKnownFileType = text.plist.xml; path = "contactTests-Info.plist"; sourceTree = "<group>"; };
		6D16D6191A08A36A001D0939 /* en */ = {isa = PBXFileReference; lastKnownFileType = text.plist.strings; name = en; path = en.lproj/InfoPlist.strings; sourceTree = "<group>"; };
		6D16D61B1A08A36A001D0939 /* contactTests.m */ = {isa = PBXFileReference; lastKnownFileType = sourcecode.c.objc; path = contactTests.m; sourceTree = "<group>"; };
		6D16D62F1A08A6BB001D0939 /* DbStruct.h */ = {isa = PBXFileReference; fileEncoding = 4; lastKnownFileType = sourcecode.c.h; path = DbStruct.h; sourceTree = "<group>"; };
		6D16D6301A08A6BB001D0939 /* DbStruct.m */ = {isa = PBXFileReference; fileEncoding = 4; lastKnownFileType = sourcecode.c.objc; path = DbStruct.m; sourceTree = "<group>"; };
		6D16D6331A08A6BB001D0939 /* MMContact.h */ = {isa = PBXFileReference; fileEncoding = 4; lastKnownFileType = sourcecode.c.h; path = MMContact.h; sourceTree = "<group>"; };
		6D16D6341A08A6BB001D0939 /* MMContact.m */ = {isa = PBXFileReference; fileEncoding = 4; lastKnownFileType = sourcecode.c.objc; path = MMContact.m; sourceTree = "<group>"; };
		6D16D6351A08A6BB001D0939 /* MMModel.h */ = {isa = PBXFileReference; fileEncoding = 4; lastKnownFileType = sourcecode.c.h; path = MMModel.h; sourceTree = "<group>"; };
		6D16D6361A08A6BB001D0939 /* MMModel.m */ = {isa = PBXFileReference; fileEncoding = 4; lastKnownFileType = sourcecode.c.objc; path = MMModel.m; sourceTree = "<group>"; };
		6D16D6581A08A799001D0939 /* DefineEnum.h */ = {isa = PBXFileReference; lastKnownFileType = sourcecode.c.h; path = DefineEnum.h; sourceTree = "<group>"; };
		6D16D6591A08A799001D0939 /* ErrorType.h */ = {isa = PBXFileReference; lastKnownFileType = sourcecode.c.h; path = ErrorType.h; sourceTree = "<group>"; };
		6D16D65A1A08A89C001D0939 /* MMPhoneticAbbr.h */ = {isa = PBXFileReference; fileEncoding = 4; lastKnownFileType = sourcecode.c.h; path = MMPhoneticAbbr.h; sourceTree = "<group>"; };
		6D16D65B1A08A89C001D0939 /* MMPhoneticAbbr.mm */ = {isa = PBXFileReference; fileEncoding = 4; lastKnownFileType = sourcecode.cpp.objcpp; path = MMPhoneticAbbr.mm; sourceTree = "<group>"; };
		6D16D6CD1A08A980001D0939 /* MMGlobalData.h */ = {isa = PBXFileReference; fileEncoding = 4; lastKnownFileType = sourcecode.c.h; path = MMGlobalData.h; sourceTree = "<group>"; };
		6D16D6CE1A08A980001D0939 /* MMGlobalData.m */ = {isa = PBXFileReference; fileEncoding = 4; lastKnownFileType = sourcecode.c.objc; path = MMGlobalData.m; sourceTree = "<group>"; };
		6D16D6CF1A08A980001D0939 /* MMGlobalDefine.h */ = {isa = PBXFileReference; fileEncoding = 4; lastKnownFileType = sourcecode.c.h; path = MMGlobalDefine.h; sourceTree = "<group>"; };
		6D16D6DE1A08AAB3001D0939 /* MMCommonAPI.h */ = {isa = PBXFileReference; fileEncoding = 4; lastKnownFileType = sourcecode.c.h; path = MMCommonAPI.h; sourceTree = "<group>"; };
		6D16D6DF1A08AAB3001D0939 /* MMCommonAPI.m */ = {isa = PBXFileReference; fileEncoding = 4; lastKnownFileType = sourcecode.c.objc; path = MMCommonAPI.m; sourceTree = "<group>"; };
		6D16D7A31A08AEA6001D0939 /* DefineDictionary.h */ = {isa = PBXFileReference; lastKnownFileType = sourcecode.c.h; path = DefineDictionary.h; sourceTree = "<group>"; };
		6D16D7A41A08AEB9001D0939 /* pinyin.cc */ = {isa = PBXFileReference; fileEncoding = 4; lastKnownFileType = sourcecode.cpp.cpp; path = pinyin.cc; sourceTree = "<group>"; };
		6D16D7A51A08AEB9001D0939 /* pinyin.h */ = {isa = PBXFileReference; fileEncoding = 4; lastKnownFileType = sourcecode.c.h; path = pinyin.h; sourceTree = "<group>"; };
		6D16D7A81A08AFF0001D0939 /* libsqlite3.0.dylib */ = {isa = PBXFileReference; lastKnownFileType = "compiled.mach-o.dylib"; name = libsqlite3.0.dylib; path = usr/lib/libsqlite3.0.dylib; sourceTree = SDKROOT; };
		6D16D7AA1A08AFFB001D0939 /* libz.dylib */ = {isa = PBXFileReference; lastKnownFileType = "compiled.mach-o.dylib"; name = libz.dylib; path = usr/lib/libz.dylib; sourceTree = SDKROOT; };
		6D16D7AC1A08B003001D0939 /* libsqlite3.dylib */ = {isa = PBXFileReference; lastKnownFileType = "compiled.mach-o.dylib"; name = libsqlite3.dylib; path = usr/lib/libsqlite3.dylib; sourceTree = SDKROOT; };
		6D16D7B61A08C228001D0939 /* momo.db */ = {isa = PBXFileReference; lastKnownFileType = file; path = momo.db; sourceTree = "<group>"; };
		6D9BC1081C3283EE00F0A2AE /* MainTabBarController.h */ = {isa = PBXFileReference; fileEncoding = 4; lastKnownFileType = sourcecode.c.h; path = MainTabBarController.h; sourceTree = "<group>"; };
		6D9BC1091C3283EE00F0A2AE /* MainTabBarController.m */ = {isa = PBXFileReference; fileEncoding = 4; lastKnownFileType = sourcecode.c.objc; path = MainTabBarController.m; sourceTree = "<group>"; };
		6DAC0FF81C3D436B007D87DD /* contact_match.cc */ = {isa = PBXFileReference; fileEncoding = 4; lastKnownFileType = sourcecode.cpp.cpp; path = contact_match.cc; sourceTree = "<group>"; };
		6DAC0FF91C3D436B007D87DD /* contact_match.h */ = {isa = PBXFileReference; fileEncoding = 4; lastKnownFileType = sourcecode.c.h; path = contact_match.h; sourceTree = "<group>"; };
		6DAC0FFB1C3D43EF007D87DD /* Organization.h */ = {isa = PBXFileReference; fileEncoding = 4; lastKnownFileType = sourcecode.c.h; path = Organization.h; sourceTree = "<group>"; };
		6DAC0FFC1C3D43EF007D87DD /* Organization.m */ = {isa = PBXFileReference; fileEncoding = 4; lastKnownFileType = sourcecode.c.objc; path = Organization.m; sourceTree = "<group>"; };
		6DAC0FFD1C3D43EF007D87DD /* Token.h */ = {isa = PBXFileReference; fileEncoding = 4; lastKnownFileType = sourcecode.c.h; path = Token.h; sourceTree = "<group>"; };
		6DAC0FFE1C3D43EF007D87DD /* Token.m */ = {isa = PBXFileReference; fileEncoding = 4; lastKnownFileType = sourcecode.c.objc; path = Token.m; sourceTree = "<group>"; };
		6DAC10021C3D447E007D87DD /* APIRequest.h */ = {isa = PBXFileReference; fileEncoding = 4; lastKnownFileType = sourcecode.c.h; path = APIRequest.h; sourceTree = "<group>"; };
		6DAC10031C3D447E007D87DD /* APIRequest.m */ = {isa = PBXFileReference; fileEncoding = 4; lastKnownFileType = sourcecode.c.objc; path = APIRequest.m; sourceTree = "<group>"; };
		6DAC10081C3D447E007D87DD /* TAHttpOperation.h */ = {isa = PBXFileReference; fileEncoding = 4; lastKnownFileType = sourcecode.c.h; path = TAHttpOperation.h; sourceTree = "<group>"; };
		6DAC10091C3D447E007D87DD /* TAHttpOperation.m */ = {isa = PBXFileReference; fileEncoding = 4; lastKnownFileType = sourcecode.c.objc; path = TAHttpOperation.m; sourceTree = "<group>"; };
		6DAC10921C3D6899007D87DD /* AssetsLibrary.framework */ = {isa = PBXFileReference; lastKnownFileType = wrapper.framework; name = AssetsLibrary.framework; path = System/Library/Frameworks/AssetsLibrary.framework; sourceTree = SDKROOT; };
		6DAC10941C3D68B9007D87DD /* CoreAudio.framework */ = {isa = PBXFileReference; lastKnownFileType = wrapper.framework; name = CoreAudio.framework; path = System/Library/Frameworks/CoreAudio.framework; sourceTree = SDKROOT; };
		6DAC10961C3D68C6007D87DD /* CoreMedia.framework */ = {isa = PBXFileReference; lastKnownFileType = wrapper.framework; name = CoreMedia.framework; path = System/Library/Frameworks/CoreMedia.framework; sourceTree = SDKROOT; };
		6DAC10981C3D68DB007D87DD /* QuartzCore.framework */ = {isa = PBXFileReference; lastKnownFileType = wrapper.framework; name = QuartzCore.framework; path = System/Library/Frameworks/QuartzCore.framework; sourceTree = SDKROOT; };
		6DAC109A1C3D68EE007D87DD /* SystemConfiguration.framework */ = {isa = PBXFileReference; lastKnownFileType = wrapper.framework; name = SystemConfiguration.framework; path = System/Library/Frameworks/SystemConfiguration.framework; sourceTree = SDKROOT; };
		6DAC109C1C3D6DBB007D87DD /* ContactCache.h */ = {isa = PBXFileReference; fileEncoding = 4; lastKnownFileType = sourcecode.c.h; path = ContactCache.h; sourceTree = "<group>"; };
		6DAC109D1C3D6DBB007D87DD /* ContactCache.m */ = {isa = PBXFileReference; fileEncoding = 4; lastKnownFileType = sourcecode.c.objc; path = ContactCache.m; sourceTree = "<group>"; };
		6DAC10AB1C3D717B007D87DD /* zh-Hans */ = {isa = PBXFileReference; lastKnownFileType = text.plist.strings; name = "zh-Hans"; path = "zh-Hans.lproj/InfoPlist.strings"; sourceTree = "<group>"; };
		6DAC10AF1C3D71CB007D87DD /* en */ = {isa = PBXFileReference; lastKnownFileType = text.plist.strings; name = en; path = en.lproj/Localizable.strings; sourceTree = "<group>"; };
		6DAC10B11C3D71CD007D87DD /* zh-Hans */ = {isa = PBXFileReference; lastKnownFileType = text.plist.strings; name = "zh-Hans"; path = "zh-Hans.lproj/Localizable.strings"; sourceTree = "<group>"; };
		6DAC10B21C3D7223007D87DD /* Base */ = {isa = PBXFileReference; lastKnownFileType = text.plist.strings; name = Base; path = Base.lproj/Localizable.strings; sourceTree = "<group>"; };
		6DB34CB71C4FDB03006D78D4 /* MessageListViewController.h */ = {isa = PBXFileReference; fileEncoding = 4; lastKnownFileType = sourcecode.c.h; path = MessageListViewController.h; sourceTree = "<group>"; };
		6DB34CB81C4FDB03006D78D4 /* MessageListViewController.m */ = {isa = PBXFileReference; fileEncoding = 4; lastKnownFileType = sourcecode.c.objc; path = MessageListViewController.m; sourceTree = "<group>"; };
		6DB34CC01C4FDB0F006D78D4 /* MessageConversationCell.h */ = {isa = PBXFileReference; fileEncoding = 4; lastKnownFileType = sourcecode.c.h; path = MessageConversationCell.h; sourceTree = "<group>"; };
		6DB34CC11C4FDB0F006D78D4 /* MessageConversationCell.m */ = {isa = PBXFileReference; fileEncoding = 4; lastKnownFileType = sourcecode.c.objc; path = MessageConversationCell.m; sourceTree = "<group>"; };
		6DB34CC21C4FDB0F006D78D4 /* MessageConversationCell.xib */ = {isa = PBXFileReference; fileEncoding = 4; lastKnownFileType = file.xib; path = MessageConversationCell.xib; sourceTree = "<group>"; };
		6DF6D1C51E33C2C9003AA63B /* Conversation.h */ = {isa = PBXFileReference; fileEncoding = 4; lastKnownFileType = sourcecode.c.h; path = Conversation.h; sourceTree = "<group>"; };
		6DF6D1C61E33C2C9003AA63B /* Conversation.m */ = {isa = PBXFileReference; fileEncoding = 4; lastKnownFileType = sourcecode.c.objc; path = Conversation.m; sourceTree = "<group>"; };
		6DF6D1C91E33C6FE003AA63B /* NewCount.h */ = {isa = PBXFileReference; fileEncoding = 4; lastKnownFileType = sourcecode.c.h; path = NewCount.h; sourceTree = "<group>"; };
		6DF6D1CA1E33C6FE003AA63B /* NewCount.m */ = {isa = PBXFileReference; fileEncoding = 4; lastKnownFileType = sourcecode.c.objc; path = NewCount.m; sourceTree = "<group>"; };
		6DF6D1CC1E33C84E003AA63B /* LevelDB.h */ = {isa = PBXFileReference; fileEncoding = 4; lastKnownFileType = sourcecode.c.h; path = LevelDB.h; sourceTree = "<group>"; };
		6DF6D1CD1E33C84E003AA63B /* LevelDB.mm */ = {isa = PBXFileReference; fileEncoding = 4; lastKnownFileType = sourcecode.cpp.objcpp; path = LevelDB.mm; sourceTree = "<group>"; };
/* End PBXFileReference section */

/* Begin PBXFrameworksBuildPhase section */
		6D16D5EA1A08A36A001D0939 /* Frameworks */ = {
			isa = PBXFrameworksBuildPhase;
			buildActionMask = 2147483647;
			files = (
				6DAC109B1C3D68EE007D87DD /* SystemConfiguration.framework in Frameworks */,
				6DAC10991C3D68DB007D87DD /* QuartzCore.framework in Frameworks */,
				6DAC10971C3D68C6007D87DD /* CoreMedia.framework in Frameworks */,
				6DAC10951C3D68B9007D87DD /* CoreAudio.framework in Frameworks */,
				6DAC10931C3D6899007D87DD /* AssetsLibrary.framework in Frameworks */,
				1D9DC13E1A2B057400D2E5B5 /* AddressBook.framework in Frameworks */,
				6D16D7AD1A08B003001D0939 /* libsqlite3.dylib in Frameworks */,
				6D16D7AB1A08AFFB001D0939 /* libz.dylib in Frameworks */,
				6D16D5F31A08A36A001D0939 /* CoreGraphics.framework in Frameworks */,
				6D16D5F51A08A36A001D0939 /* UIKit.framework in Frameworks */,
				6D16D5F11A08A36A001D0939 /* Foundation.framework in Frameworks */,
				A00E25554B280452964A0FD6 /* libPods-contact.a in Frameworks */,
			);
			runOnlyForDeploymentPostprocessing = 0;
		};
/* End PBXFrameworksBuildPhase section */

/* Begin PBXGroup section */
		1D9DC0F21A2AB4C900D2E5B5 /* Controllers */ = {
			isa = PBXGroup;
			children = (
				6DB34CB71C4FDB03006D78D4 /* MessageListViewController.h */,
				6DB34CB81C4FDB03006D78D4 /* MessageListViewController.m */,
				6D14645F1A6D63420046FF32 /* LoginCheckVController.h */,
				6D1464601A6D63420046FF32 /* LoginCheckVController.m */,
				1D9DC0F71A2AB4C900D2E5B5 /* LoginViewController.h */,
				1D9DC0F81A2AB4C900D2E5B5 /* LoginViewController.m */,
				1D9DC0FB1A2AB4C900D2E5B5 /* NGViewController.h */,
				1D9DC0FC1A2AB4C900D2E5B5 /* NGViewController.m */,
				1DC6CD101A830D4F001728D9 /* MyCompanyViewController.h */,
				1DC6CD111A830D4F001728D9 /* MyCompanyViewController.m */,
				1D9DC1341A2AC21300D2E5B5 /* ContactListVController.h */,
				1D9DC1351A2AC21300D2E5B5 /* ContactListVController.m */,
				1D8FBE171A317E4B007A20D9 /* ContactDetailVController.h */,
				1D8FBE181A317E4B007A20D9 /* ContactDetailVController.m */,
				6D9BC1081C3283EE00F0A2AE /* MainTabBarController.h */,
				6D9BC1091C3283EE00F0A2AE /* MainTabBarController.m */,
			);
			path = Controllers;
			sourceTree = "<group>";
		};
		1D9DC1021A2AB61700D2E5B5 /* Categories */ = {
			isa = PBXGroup;
			children = (
				1D9DC1031A2AB61700D2E5B5 /* UIButton+NGAdditions.h */,
				1D9DC1041A2AB61700D2E5B5 /* UIButton+NGAdditions.m */,
				1D9DC1051A2AB61700D2E5B5 /* UIImage+NGAdditions.h */,
				1D9DC1061A2AB61700D2E5B5 /* UIImage+NGAdditions.m */,
				1D9DC1071A2AB61700D2E5B5 /* UIView+NGAdditions.h */,
				1D9DC1081A2AB61700D2E5B5 /* UIView+NGAdditions.m */,
				1D9DC1311A2ABD9600D2E5B5 /* NGAddition.h */,
				1D9DC1321A2ABD9600D2E5B5 /* NGAddition.m */,
			);
			path = Categories;
			sourceTree = "<group>";
		};
		1D9DC1371A2AFA8000D2E5B5 /* View */ = {
			isa = PBXGroup;
			children = (
				6DB34CC01C4FDB0F006D78D4 /* MessageConversationCell.h */,
				6DB34CC11C4FDB0F006D78D4 /* MessageConversationCell.m */,
				6DB34CC21C4FDB0F006D78D4 /* MessageConversationCell.xib */,
				1D8FBE121A315D4B007A20D9 /* ContactDetailCell.h */,
				1D8FBE131A315D4B007A20D9 /* ContactDetailCell.m */,
				1D8FBE141A315D4B007A20D9 /* ContactDetailCell.xib */,
				1D9DC1381A2AFA8000D2E5B5 /* ContactListCell.h */,
				1D9DC1391A2AFA8000D2E5B5 /* ContactListCell.m */,
				1D9DC13A1A2AFA8000D2E5B5 /* ContactListCell.xib */,
			);
			path = View;
			sourceTree = "<group>";
		};
		6D16D5E41A08A36A001D0939 = {
			isa = PBXGroup;
			children = (
				6D16D5F61A08A36A001D0939 /* contact */,
				6D16D6151A08A36A001D0939 /* contactTests */,
				6D16D5EF1A08A36A001D0939 /* Frameworks */,
				6D16D5EE1A08A36A001D0939 /* Products */,
				7F43265510D8E1F55BA9EA0E /* Pods */,
			);
			sourceTree = "<group>";
		};
		6D16D5EE1A08A36A001D0939 /* Products */ = {
			isa = PBXGroup;
			children = (
				6D16D5ED1A08A36A001D0939 /* contact.app */,
			);
			name = Products;
			sourceTree = "<group>";
		};
		6D16D5EF1A08A36A001D0939 /* Frameworks */ = {
			isa = PBXGroup;
			children = (
				6DAC109A1C3D68EE007D87DD /* SystemConfiguration.framework */,
				6DAC10981C3D68DB007D87DD /* QuartzCore.framework */,
				6DAC10961C3D68C6007D87DD /* CoreMedia.framework */,
				6DAC10941C3D68B9007D87DD /* CoreAudio.framework */,
				6DAC10921C3D6899007D87DD /* AssetsLibrary.framework */,
				1D9DC13D1A2B057400D2E5B5 /* AddressBook.framework */,
				6D16D7AC1A08B003001D0939 /* libsqlite3.dylib */,
				6D16D7AA1A08AFFB001D0939 /* libz.dylib */,
				6D16D7A81A08AFF0001D0939 /* libsqlite3.0.dylib */,
				6D16D5F01A08A36A001D0939 /* Foundation.framework */,
				6D16D5F21A08A36A001D0939 /* CoreGraphics.framework */,
				6D16D5F41A08A36A001D0939 /* UIKit.framework */,
				6D16D60F1A08A36A001D0939 /* XCTest.framework */,
				07FDBC4F94D1E1F276D4FDB5 /* libPods-contact.a */,
			);
			name = Frameworks;
			sourceTree = "<group>";
		};
		6D16D5F61A08A36A001D0939 /* contact */ = {
			isa = PBXGroup;
			children = (
				6DAC10011C3D447E007D87DD /* API */,
				1D9DC1371A2AFA8000D2E5B5 /* View */,
				1D9DC1021A2AB61700D2E5B5 /* Categories */,
				1D9DC0F21A2AB4C900D2E5B5 /* Controllers */,
				6D16D62E1A08A6BB001D0939 /* Model */,
				6D16D5FF1A08A36A001D0939 /* AppDelegate.h */,
				6D16D6001A08A36A001D0939 /* AppDelegate.m */,
				6D16D6081A08A36A001D0939 /* Images.xcassets */,
				6D16D5F71A08A36A001D0939 /* Supporting Files */,
			);
			path = contact;
			sourceTree = "<group>";
		};
		6D16D5F71A08A36A001D0939 /* Supporting Files */ = {
			isa = PBXGroup;
			children = (
				6D16D7B61A08C228001D0939 /* momo.db */,
				6D16D5F81A08A36A001D0939 /* contact-Info.plist */,
				6D16D5F91A08A36A001D0939 /* InfoPlist.strings */,
				6D16D5FC1A08A36A001D0939 /* main.m */,
				6D16D5FE1A08A36A001D0939 /* contact-Prefix.pch */,
				6DAC10B01C3D71CB007D87DD /* Localizable.strings */,
			);
			name = "Supporting Files";
			sourceTree = "<group>";
		};
		6D16D6151A08A36A001D0939 /* contactTests */ = {
			isa = PBXGroup;
			children = (
				6D16D61B1A08A36A001D0939 /* contactTests.m */,
				6D16D6161A08A36A001D0939 /* Supporting Files */,
			);
			path = contactTests;
			sourceTree = "<group>";
		};
		6D16D6161A08A36A001D0939 /* Supporting Files */ = {
			isa = PBXGroup;
			children = (
				6D16D6171A08A36A001D0939 /* contactTests-Info.plist */,
				6D16D6181A08A36A001D0939 /* InfoPlist.strings */,
			);
			name = "Supporting Files";
			sourceTree = "<group>";
		};
		6D16D62E1A08A6BB001D0939 /* Model */ = {
			isa = PBXGroup;
			children = (
				6DF6D1CC1E33C84E003AA63B /* LevelDB.h */,
				6DF6D1CD1E33C84E003AA63B /* LevelDB.mm */,
				6DF6D1C91E33C6FE003AA63B /* NewCount.h */,
				6DF6D1CA1E33C6FE003AA63B /* NewCount.m */,
				6DF6D1C51E33C2C9003AA63B /* Conversation.h */,
				6DF6D1C61E33C2C9003AA63B /* Conversation.m */,
				6DAC0FFB1C3D43EF007D87DD /* Organization.h */,
				6DAC0FFC1C3D43EF007D87DD /* Organization.m */,
				6DAC0FFD1C3D43EF007D87DD /* Token.h */,
				6DAC0FFE1C3D43EF007D87DD /* Token.m */,
				6DAC0FF81C3D436B007D87DD /* contact_match.cc */,
				6DAC0FF91C3D436B007D87DD /* contact_match.h */,
				1D9DC13F1A2B08E400D2E5B5 /* MMAddressBook.h */,
				1D9DC1401A2B08E400D2E5B5 /* MMAddressBook.m */,
				6D16D7A41A08AEB9001D0939 /* pinyin.cc */,
				6D16D7A51A08AEB9001D0939 /* pinyin.h */,
				6D16D7A31A08AEA6001D0939 /* DefineDictionary.h */,
				6D16D6DE1A08AAB3001D0939 /* MMCommonAPI.h */,
				6D16D6DF1A08AAB3001D0939 /* MMCommonAPI.m */,
				6D16D6CD1A08A980001D0939 /* MMGlobalData.h */,
				6D16D6CE1A08A980001D0939 /* MMGlobalData.m */,
				6D16D6CF1A08A980001D0939 /* MMGlobalDefine.h */,
				6D16D6581A08A799001D0939 /* DefineEnum.h */,
				6D16D6591A08A799001D0939 /* ErrorType.h */,
				6D16D65A1A08A89C001D0939 /* MMPhoneticAbbr.h */,
				6D16D65B1A08A89C001D0939 /* MMPhoneticAbbr.mm */,
				6D16D62F1A08A6BB001D0939 /* DbStruct.h */,
				6D16D6301A08A6BB001D0939 /* DbStruct.m */,
				6D16D6331A08A6BB001D0939 /* MMContact.h */,
				6D16D6341A08A6BB001D0939 /* MMContact.m */,
				6D16D6351A08A6BB001D0939 /* MMModel.h */,
				6D16D6361A08A6BB001D0939 /* MMModel.m */,
				6DAC109C1C3D6DBB007D87DD /* ContactCache.h */,
				6DAC109D1C3D6DBB007D87DD /* ContactCache.m */,
			);
			path = Model;
			sourceTree = "<group>";
		};
		6DAC10011C3D447E007D87DD /* API */ = {
			isa = PBXGroup;
			children = (
				6DAC10021C3D447E007D87DD /* APIRequest.h */,
				6DAC10031C3D447E007D87DD /* APIRequest.m */,
				6DAC10081C3D447E007D87DD /* TAHttpOperation.h */,
				6DAC10091C3D447E007D87DD /* TAHttpOperation.m */,
			);
			path = API;
			sourceTree = "<group>";
		};
		7F43265510D8E1F55BA9EA0E /* Pods */ = {
			isa = PBXGroup;
			children = (
				17E2365D9816A676E6C35137 /* Pods-contact.debug.xcconfig */,
				004C03C43DB1E5D6A4370EA3 /* Pods-contact.release.xcconfig */,
			);
			name = Pods;
			sourceTree = "<group>";
		};
/* End PBXGroup section */

/* Begin PBXNativeTarget section */
		6D16D5EC1A08A36A001D0939 /* contact */ = {
			isa = PBXNativeTarget;
			buildConfigurationList = 6D16D61F1A08A36A001D0939 /* Build configuration list for PBXNativeTarget "contact" */;
			buildPhases = (
				C9A5387DC696FDB4D8748B24 /* [CP] Check Pods Manifest.lock */,
				6D16D5E91A08A36A001D0939 /* Sources */,
				6D16D5EA1A08A36A001D0939 /* Frameworks */,
				6D16D5EB1A08A36A001D0939 /* Resources */,
				F1EE5BBCA1B4FAE4293D193E /* [CP] Embed Pods Frameworks */,
				A00FA8EAD81FFAC97FA17D77 /* [CP] Copy Pods Resources */,
			);
			buildRules = (
			);
			dependencies = (
			);
			name = contact;
			productName = contact;
			productReference = 6D16D5ED1A08A36A001D0939 /* contact.app */;
			productType = "com.apple.product-type.application";
		};
/* End PBXNativeTarget section */

/* Begin PBXProject section */
		6D16D5E51A08A36A001D0939 /* Project object */ = {
			isa = PBXProject;
			attributes = {
				LastUpgradeCheck = 0820;
				ORGANIZATIONNAME = momo;
			};
			buildConfigurationList = 6D16D5E81A08A36A001D0939 /* Build configuration list for PBXProject "contact" */;
			compatibilityVersion = "Xcode 3.2";
			developmentRegion = English;
			hasScannedForEncodings = 0;
			knownRegions = (
				en,
				Base,
				"zh-Hans",
			);
			mainGroup = 6D16D5E41A08A36A001D0939;
			productRefGroup = 6D16D5EE1A08A36A001D0939 /* Products */;
			projectDirPath = "";
			projectRoot = "";
			targets = (
				6D16D5EC1A08A36A001D0939 /* contact */,
			);
		};
/* End PBXProject section */

/* Begin PBXResourcesBuildPhase section */
		6D16D5EB1A08A36A001D0939 /* Resources */ = {
			isa = PBXResourcesBuildPhase;
			buildActionMask = 2147483647;
			files = (
				6DAC10AE1C3D71CB007D87DD /* Localizable.strings in Resources */,
				1D9DC13C1A2AFA8000D2E5B5 /* ContactListCell.xib in Resources */,
				1D8FBE161A315D4B007A20D9 /* ContactDetailCell.xib in Resources */,
				6DB34CC41C4FDB0F006D78D4 /* MessageConversationCell.xib in Resources */,
				6D16D6091A08A36A001D0939 /* Images.xcassets in Resources */,
				6D16D5FB1A08A36A001D0939 /* InfoPlist.strings in Resources */,
				6D16D7B71A08C3FF001D0939 /* momo.db in Resources */,
			);
			runOnlyForDeploymentPostprocessing = 0;
		};
/* End PBXResourcesBuildPhase section */

/* Begin PBXShellScriptBuildPhase section */
		A00FA8EAD81FFAC97FA17D77 /* [CP] Copy Pods Resources */ = {
			isa = PBXShellScriptBuildPhase;
			buildActionMask = 2147483647;
			files = (
			);
			inputPaths = (
			);
			name = "[CP] Copy Pods Resources";
			outputPaths = (
			);
			runOnlyForDeploymentPostprocessing = 0;
			shellPath = /bin/sh;
			shellScript = "\"${SRCROOT}/Pods/Target Support Files/Pods-contact/Pods-contact-resources.sh\"\n";
			showEnvVarsInLog = 0;
		};
		C9A5387DC696FDB4D8748B24 /* [CP] Check Pods Manifest.lock */ = {
			isa = PBXShellScriptBuildPhase;
			buildActionMask = 2147483647;
			files = (
			);
			inputPaths = (
			);
			name = "[CP] Check Pods Manifest.lock";
			outputPaths = (
			);
			runOnlyForDeploymentPostprocessing = 0;
			shellPath = /bin/sh;
			shellScript = "diff \"${PODS_ROOT}/../Podfile.lock\" \"${PODS_ROOT}/Manifest.lock\" > /dev/null\nif [ $? != 0 ] ; then\n    # print error to STDERR\n    echo \"error: The sandbox is not in sync with the Podfile.lock. Run 'pod install' or update your CocoaPods installation.\" >&2\n    exit 1\nfi\n";
			showEnvVarsInLog = 0;
		};
		F1EE5BBCA1B4FAE4293D193E /* [CP] Embed Pods Frameworks */ = {
			isa = PBXShellScriptBuildPhase;
			buildActionMask = 2147483647;
			files = (
			);
			inputPaths = (
			);
			name = "[CP] Embed Pods Frameworks";
			outputPaths = (
			);
			runOnlyForDeploymentPostprocessing = 0;
			shellPath = /bin/sh;
			shellScript = "\"${SRCROOT}/Pods/Target Support Files/Pods-contact/Pods-contact-frameworks.sh\"\n";
			showEnvVarsInLog = 0;
		};
/* End PBXShellScriptBuildPhase section */

/* Begin PBXSourcesBuildPhase section */
		6D16D5E91A08A36A001D0939 /* Sources */ = {
			isa = PBXSourcesBuildPhase;
			buildActionMask = 2147483647;
			files = (
				6D1464611A6D63420046FF32 /* LoginCheckVController.m in Sources */,
				6DAC0FFA1C3D436B007D87DD /* contact_match.cc in Sources */,
				6DAC0FFF1C3D43EF007D87DD /* Organization.m in Sources */,
				1D9DC10A1A2AB61700D2E5B5 /* UIImage+NGAdditions.m in Sources */,
				6DF6D1CE1E33C84E003AA63B /* LevelDB.mm in Sources */,
				6DF6D1C71E33C2C9003AA63B /* Conversation.m in Sources */,
				6D16D6391A08A6BB001D0939 /* MMContact.m in Sources */,
				6D9BC10A1C3283EE00F0A2AE /* MainTabBarController.m in Sources */,
				1D9DC13B1A2AFA8000D2E5B5 /* ContactListCell.m in Sources */,
				1D9DC10B1A2AB61700D2E5B5 /* UIView+NGAdditions.m in Sources */,
				6DAC100D1C3D447E007D87DD /* TAHttpOperation.m in Sources */,
				6D16D6D01A08A980001D0939 /* MMGlobalData.m in Sources */,
				6D16D6371A08A6BB001D0939 /* DbStruct.m in Sources */,
				1D9DC1411A2B08E400D2E5B5 /* MMAddressBook.m in Sources */,
				6DAC100A1C3D447E007D87DD /* APIRequest.m in Sources */,
				6DAC109E1C3D6DBB007D87DD /* ContactCache.m in Sources */,
				6DF6D1CB1E33C6FE003AA63B /* NewCount.m in Sources */,
				1D9DC1011A2AB4C900D2E5B5 /* NGViewController.m in Sources */,
				1D9DC1331A2ABD9600D2E5B5 /* NGAddition.m in Sources */,
				6DB34CB91C4FDB03006D78D4 /* MessageListViewController.m in Sources */,
				1D8FBE191A317E4B007A20D9 /* ContactDetailVController.m in Sources */,
				6D16D6E01A08AAB3001D0939 /* MMCommonAPI.m in Sources */,
				6D16D7A71A08AEB9001D0939 /* pinyin.cc in Sources */,
				6D16D6011A08A36A001D0939 /* AppDelegate.m in Sources */,
				1D8FBE151A315D4B007A20D9 /* ContactDetailCell.m in Sources */,
				1DC6CD121A830D4F001728D9 /* MyCompanyViewController.m in Sources */,
				6DAC10001C3D43EF007D87DD /* Token.m in Sources */,
				6DB34CC31C4FDB0F006D78D4 /* MessageConversationCell.m in Sources */,
				6D16D5FD1A08A36A001D0939 /* main.m in Sources */,
				1D9DC1091A2AB61700D2E5B5 /* UIButton+NGAdditions.m in Sources */,
				1D9DC1361A2AC21300D2E5B5 /* ContactListVController.m in Sources */,
				6D16D63A1A08A6BB001D0939 /* MMModel.m in Sources */,
				1D9DC0FF1A2AB4C900D2E5B5 /* LoginViewController.m in Sources */,
				6D16D65C1A08A89C001D0939 /* MMPhoneticAbbr.mm in Sources */,
			);
			runOnlyForDeploymentPostprocessing = 0;
		};
/* End PBXSourcesBuildPhase section */

/* Begin PBXVariantGroup section */
		6D16D5F91A08A36A001D0939 /* InfoPlist.strings */ = {
			isa = PBXVariantGroup;
			children = (
				6D16D5FA1A08A36A001D0939 /* en */,
			);
			name = InfoPlist.strings;
			sourceTree = "<group>";
		};
		6D16D6181A08A36A001D0939 /* InfoPlist.strings */ = {
			isa = PBXVariantGroup;
			children = (
				6D16D6191A08A36A001D0939 /* en */,
				6DAC10AB1C3D717B007D87DD /* zh-Hans */,
			);
			name = InfoPlist.strings;
			sourceTree = "<group>";
		};
		6DAC10B01C3D71CB007D87DD /* Localizable.strings */ = {
			isa = PBXVariantGroup;
			children = (
				6DAC10AF1C3D71CB007D87DD /* en */,
				6DAC10B11C3D71CD007D87DD /* zh-Hans */,
				6DAC10B21C3D7223007D87DD /* Base */,
			);
			name = Localizable.strings;
			sourceTree = "<group>";
		};
/* End PBXVariantGroup section */

/* Begin XCBuildConfiguration section */
		6D16D61D1A08A36A001D0939 /* Debug */ = {
			isa = XCBuildConfiguration;
			buildSettings = {
				ALWAYS_SEARCH_USER_PATHS = NO;
				CLANG_ANALYZER_LOCALIZABILITY_NONLOCALIZED = YES;
				CLANG_CXX_LANGUAGE_STANDARD = "gnu++0x";
				CLANG_CXX_LIBRARY = "libc++";
				CLANG_ENABLE_MODULES = YES;
				CLANG_ENABLE_OBJC_ARC = YES;
				CLANG_WARN_BOOL_CONVERSION = YES;
				CLANG_WARN_CONSTANT_CONVERSION = YES;
				CLANG_WARN_DIRECT_OBJC_ISA_USAGE = YES_ERROR;
				CLANG_WARN_EMPTY_BODY = YES;
				CLANG_WARN_ENUM_CONVERSION = YES;
				CLANG_WARN_INFINITE_RECURSION = YES;
				CLANG_WARN_INT_CONVERSION = YES;
				CLANG_WARN_OBJC_ROOT_CLASS = YES_ERROR;
				CLANG_WARN_SUSPICIOUS_MOVE = YES;
				CLANG_WARN_UNREACHABLE_CODE = YES;
				CLANG_WARN__DUPLICATE_METHOD_MATCH = YES;
				"CODE_SIGN_IDENTITY[sdk=iphoneos*]" = "iPhone Developer";
				COPY_PHASE_STRIP = NO;
				ENABLE_STRICT_OBJC_MSGSEND = YES;
				ENABLE_TESTABILITY = YES;
				GCC_C_LANGUAGE_STANDARD = gnu99;
				GCC_DYNAMIC_NO_PIC = NO;
				GCC_NO_COMMON_BLOCKS = YES;
				GCC_OPTIMIZATION_LEVEL = 0;
				GCC_PREPROCESSOR_DEFINITIONS = (
					"DEBUG=1",
					"$(inherited)",
				);
				GCC_SYMBOLS_PRIVATE_EXTERN = NO;
				GCC_WARN_64_TO_32_BIT_CONVERSION = YES;
				GCC_WARN_ABOUT_RETURN_TYPE = YES_ERROR;
				GCC_WARN_UNDECLARED_SELECTOR = YES;
				GCC_WARN_UNINITIALIZED_AUTOS = YES_AGGRESSIVE;
				GCC_WARN_UNUSED_FUNCTION = YES;
				GCC_WARN_UNUSED_VARIABLE = YES;
				IPHONEOS_DEPLOYMENT_TARGET = 8.0;
				ONLY_ACTIVE_ARCH = YES;
				SDKROOT = iphoneos;
			};
			name = Debug;
		};
		6D16D61E1A08A36A001D0939 /* Release */ = {
			isa = XCBuildConfiguration;
			buildSettings = {
				ALWAYS_SEARCH_USER_PATHS = NO;
				CLANG_ANALYZER_LOCALIZABILITY_NONLOCALIZED = YES;
				CLANG_CXX_LANGUAGE_STANDARD = "gnu++0x";
				CLANG_CXX_LIBRARY = "libc++";
				CLANG_ENABLE_MODULES = YES;
				CLANG_ENABLE_OBJC_ARC = YES;
				CLANG_WARN_BOOL_CONVERSION = YES;
				CLANG_WARN_CONSTANT_CONVERSION = YES;
				CLANG_WARN_DIRECT_OBJC_ISA_USAGE = YES_ERROR;
				CLANG_WARN_EMPTY_BODY = YES;
				CLANG_WARN_ENUM_CONVERSION = YES;
				CLANG_WARN_INFINITE_RECURSION = YES;
				CLANG_WARN_INT_CONVERSION = YES;
				CLANG_WARN_OBJC_ROOT_CLASS = YES_ERROR;
				CLANG_WARN_SUSPICIOUS_MOVE = YES;
				CLANG_WARN_UNREACHABLE_CODE = YES;
				CLANG_WARN__DUPLICATE_METHOD_MATCH = YES;
				"CODE_SIGN_IDENTITY[sdk=iphoneos*]" = "iPhone Developer";
				COPY_PHASE_STRIP = YES;
				ENABLE_NS_ASSERTIONS = NO;
				ENABLE_STRICT_OBJC_MSGSEND = YES;
				GCC_C_LANGUAGE_STANDARD = gnu99;
				GCC_NO_COMMON_BLOCKS = YES;
				GCC_WARN_64_TO_32_BIT_CONVERSION = YES;
				GCC_WARN_ABOUT_RETURN_TYPE = YES_ERROR;
				GCC_WARN_UNDECLARED_SELECTOR = YES;
				GCC_WARN_UNINITIALIZED_AUTOS = YES_AGGRESSIVE;
				GCC_WARN_UNUSED_FUNCTION = YES;
				GCC_WARN_UNUSED_VARIABLE = YES;
				IPHONEOS_DEPLOYMENT_TARGET = 8.0;
				SDKROOT = iphoneos;
				VALIDATE_PRODUCT = YES;
			};
			name = Release;
		};
		6D16D6201A08A36A001D0939 /* Debug */ = {
			isa = XCBuildConfiguration;
			baseConfigurationReference = 17E2365D9816A676E6C35137 /* Pods-contact.debug.xcconfig */;
			buildSettings = {
				ASSETCATALOG_COMPILER_APPICON_NAME = AppIcon;
				ASSETCATALOG_COMPILER_LAUNCHIMAGE_NAME = LaunchImage;
				CLANG_ENABLE_OBJC_ARC = YES;
				CODE_SIGN_IDENTITY = "iPhone Developer";
				ENABLE_BITCODE = NO;
				FRAMEWORK_SEARCH_PATHS = "$(inherited)";
				GCC_PRECOMPILE_PREFIX_HEADER = YES;
				GCC_PREFIX_HEADER = "contact/contact-Prefix.pch";
				GCC_PREPROCESSOR_DEFINITIONS = "$(inherited)";
				INFOPLIST_FILE = "contact/contact-Info.plist";
				IPHONEOS_DEPLOYMENT_TARGET = 8.0;
				OTHER_LDFLAGS = (
					"-ObjC",
					"-licucore",
					"$(inherited)",
				);
				PRODUCT_BUNDLE_IDENTIFIER = com.beetle.goubuli;
				PRODUCT_NAME = "$(TARGET_NAME)";
				PROVISIONING_PROFILE = "";
				WRAPPER_EXTENSION = app;
			};
			name = Debug;
		};
		6D16D6211A08A36A001D0939 /* Release */ = {
			isa = XCBuildConfiguration;
			baseConfigurationReference = 004C03C43DB1E5D6A4370EA3 /* Pods-contact.release.xcconfig */;
			buildSettings = {
				ASSETCATALOG_COMPILER_APPICON_NAME = AppIcon;
				ASSETCATALOG_COMPILER_LAUNCHIMAGE_NAME = LaunchImage;
				CLANG_ENABLE_OBJC_ARC = YES;
				CODE_SIGN_IDENTITY = "iPhone Distribution: Fuzhou Paramecium Information Technology Co., Ltd.";
				ENABLE_BITCODE = NO;
				FRAMEWORK_SEARCH_PATHS = "$(inherited)";
				GCC_PRECOMPILE_PREFIX_HEADER = YES;
				GCC_PREFIX_HEADER = "contact/contact-Prefix.pch";
				GCC_PREPROCESSOR_DEFINITIONS = "$(inherited)";
				INFOPLIST_FILE = "contact/contact-Info.plist";
				IPHONEOS_DEPLOYMENT_TARGET = 8.0;
				OTHER_LDFLAGS = (
					"-ObjC",
					"-licucore",
					"$(inherited)",
				);
				PRODUCT_BUNDLE_IDENTIFIER = com.beetle.goubuli;
				PRODUCT_NAME = "$(TARGET_NAME)";
				PROVISIONING_PROFILE = "6cba0628-b67f-4adc-89ca-de0f9ebd64e9";
				WRAPPER_EXTENSION = app;
			};
			name = Release;
		};
/* End XCBuildConfiguration section */

/* Begin XCConfigurationList section */
		6D16D5E81A08A36A001D0939 /* Build configuration list for PBXProject "contact" */ = {
			isa = XCConfigurationList;
			buildConfigurations = (
				6D16D61D1A08A36A001D0939 /* Debug */,
				6D16D61E1A08A36A001D0939 /* Release */,
			);
			defaultConfigurationIsVisible = 0;
			defaultConfigurationName = Release;
		};
		6D16D61F1A08A36A001D0939 /* Build configuration list for PBXNativeTarget "contact" */ = {
			isa = XCConfigurationList;
			buildConfigurations = (
				6D16D6201A08A36A001D0939 /* Debug */,
				6D16D6211A08A36A001D0939 /* Release */,
			);
			defaultConfigurationIsVisible = 0;
			defaultConfigurationName = Release;
		};
/* End XCConfigurationList section */
	};
	rootObject = 6D16D5E51A08A36A001D0939 /* Project object */;
}
